
Microsoft Visual Studio Solution File, Format Version 12.00
# Visual Studio Version 16
VisualStudioVersion = 16.0.29609.76
MinimumVisualStudioVersion = 10.0.40219.1
Project("{FAE04EC0-301F-11D3-BF4B-00C04F79EFBC}") = "DataGridViewAutoFilter", "DataGridViewAutoFilter\DataGridViewAutoFilter.csproj", "{5A4B4B14-D3B5-4D54-80EC-0877C1E6E73A}"
EndProject
Project("{FAE04EC0-301F-11D3-BF4B-00C04F79EFBC}") = "ProgrammaticSetupDemo", "ProgrammaticSetupDemo\ProgrammaticSetupDemo.csproj", "{4E0F8476-393D-4087-9823-09F6B113223A}"
EndProject
Project("{FAE04EC0-301F-11D3-BF4B-00C04F79EFBC}") = "DesignerSetupDemo", "DesignerSetupDemo\DesignerSetupDemo.csproj", "{ADBA5143-213F-4B7A-9F84-DCB76FC9E6F1}"
EndProject
Global
	GlobalSection(SolutionConfigurationPlatforms) = preSolution
		Debug|Any CPU = Debug|Any CPU
		Release|Any CPU = Release|Any CPU
	EndGlobalSection
	GlobalSection(ProjectConfigurationPlatforms) = postSolution
		{5A4B4B14-D3B5-4D54-80EC-0877C1E6E73A}.Debug|Any CPU.ActiveCfg = Debug|Any CPU
		{5A4B4B14-D3B5-4D54-80EC-0877C1E6E73A}.Debug|Any CPU.Build.0 = Debug|Any CPU
		{5A4B4B14-D3B5-4D54-80EC-0877C1E6E73A}.Release|Any CPU.ActiveCfg = Release|Any CPU
		{5A4B4B14-D3B5-4D54-80EC-0877C1E6E73A}.Release|Any CPU.Build.0 = Release|Any CPU
		{4E0F8476-393D-4087-9823-09F6B113223A}.Debug|Any CPU.ActiveCfg = Debug|Any CPU
		{4E0F8476-393D-4087-9823-09F6B113223A}.Debug|Any CPU.Build.0 = Debug|Any CPU
		{4E0F8476-393D-4087-9823-09F6B113223A}.Release|Any CPU.ActiveCfg = Release|Any CPU
		{4E0F8476-393D-4087-9823-09F6B113223A}.Release|Any CPU.Build.0 = Release|Any CPU
		{ADBA5143-213F-4B7A-9F84-DCB76FC9E6F1}.Debug|Any CPU.ActiveCfg = Debug|Any CPU
		{ADBA5143-213F-4B7A-9F84-DCB76FC9E6F1}.Debug|Any CPU.Build.0 = Debug|Any CPU
		{ADBA5143-213F-4B7A-9F84-DCB76FC9E6F1}.Release|Any CPU.ActiveCfg = Release|Any CPU
		{ADBA5143-213F-4B7A-9F84-DCB76FC9E6F1}.Release|Any CPU.Build.0 = Release|Any CPU
	EndGlobalSection
	GlobalSection(SolutionProperties) = preSolution
		HideSolutionNode = FALSE
	EndGlobalSection
	GlobalSection(ExtensibilityGlobals) = postSolution
		SolutionGuid = {2758216C-4167-4D62-9E63-96464B08C397}
	EndGlobalSection
EndGlobal
